PODS:
  - AppsFlyerFramework (5.1.0)

DEPENDENCIES:
  - AppsFlyerFramework

SPEC REPOS:
  https://github.com/cocoapods/specs.git:
    - AppsFlyerFramework

SPEC CHECKSUMS:
  AppsFlyerFramework: b5e6d0d1718c445eeb151769e97246c00ae4628d

PODFILE CHECKSUM: b3881d589c2955e78c9bd5664c4a73cbf076e1a1

COCOAPODS: 1.6.1
