PODS:
  - AppsFlyerFramework (5.1.0)
  - LBTAComponents (1.1)

DEPENDENCIES:
  - AppsFlyerFramework
  - LBTAComponents

SPEC REPOS:
  trunk:
    - AppsFlyerFramework
    - LBTAComponents

SPEC CHECKSUMS:
  AppsFlyerFramework: b5e6d0d1718c445eeb151769e97246c00ae4628d
  LBTAComponents: 2e7719683ddcf1cdf7280700438c0c6a5f7da550

PODFILE CHECKSUM: 5d5b62e71fcbf8e72c46af7c09731b6ca621fdd6

COCOAPODS: 1.9.3
