PODS:
  - AppsFlyerFramework (5.4.4)
  - LBTAComponents (1.1)

DEPENDENCIES:
  - AppsFlyerFramework
  - LBTAComponents

SPEC REPOS:
  trunk:
    - AppsFlyerFramework
    - LBTAComponents

SPEC CHECKSUMS:
  AppsFlyerFramework: a511099f7bedbb1d5804d733c6152d6f8092c4fa
  LBTAComponents: 2e7719683ddcf1cdf7280700438c0c6a5f7da550

PODFILE CHECKSUM: 5d5b62e71fcbf8e72c46af7c09731b6ca621fdd6

COCOAPODS: 1.9.3
