// !$*UTF8*$!
{
	archiveVersion = 1;
	classes = {
	};
	objectVersion = 50;
	objects = {

/* Begin PBXBuildFile section */
		2A2E530D9772CD0EABE0449E /* Pods_AppsFlyerDemoJKUITests.framework in Frameworks */ = {isa = PBXBuildFile; fileRef = DFA4B581BCE7E6CC13E418DF /* Pods_AppsFlyerDemoJKUITests.framework */; };
		5BE8702DF9AFB439AA4B485F /* Pods_AppsFlyerDemoJK.framework in Frameworks */ = {isa = PBXBuildFile; fileRef = 0855C121FF82B25BB828C830 /* Pods_AppsFlyerDemoJK.framework */; };
		B25E1EE023F8A53B00B4AE6C /* AppDelegate.swift in Sources */ = {isa = PBXBuildFile; fileRef = B25E1EDF23F8A53B00B4AE6C /* AppDelegate.swift */; };
		B25E1EE223F8A53B00B4AE6C /* ViewController.swift in Sources */ = {isa = PBXBuildFile; fileRef = B25E1EE123F8A53B00B4AE6C /* ViewController.swift */; };
		B25E1EE523F8A53B00B4AE6C /* Main.storyboard in Resources */ = {isa = PBXBuildFile; fileRef = B25E1EE323F8A53B00B4AE6C /* Main.storyboard */; };
		B25E1EE723F8A53D00B4AE6C /* Assets.xcassets in Resources */ = {isa = PBXBuildFile; fileRef = B25E1EE623F8A53D00B4AE6C /* Assets.xcassets */; };
		B25E1EEA23F8A53D00B4AE6C /* LaunchScreen.storyboard in Resources */ = {isa = PBXBuildFile; fileRef = B25E1EE823F8A53D00B4AE6C /* LaunchScreen.storyboard */; };
		B25E1EF523F8A53D00B4AE6C /* AppsFlyerDemoJKTests.swift in Sources */ = {isa = PBXBuildFile; fileRef = B25E1EF423F8A53D00B4AE6C /* AppsFlyerDemoJKTests.swift */; };
		B25E1F0023F8A53D00B4AE6C /* AppsFlyerDemoJKUITests.swift in Sources */ = {isa = PBXBuildFile; fileRef = B25E1EFF23F8A53D00B4AE6C /* AppsFlyerDemoJKUITests.swift */; };
		B25E1F0F23F8A8D400B4AE6C /* skyline.jpg in Resources */ = {isa = PBXBuildFile; fileRef = B25E1F0E23F8A8D400B4AE6C /* skyline.jpg */; };
		B2867DDE23F9A2B20034882D /* DashboardHomeViewController.swift in Sources */ = {isa = PBXBuildFile; fileRef = B2867DDD23F9A2B20034882D /* DashboardHomeViewController.swift */; };
		B2867DE023F9B7D20034882D /* AdSupport.framework in Frameworks */ = {isa = PBXBuildFile; fileRef = B2867DDF23F9B7D20034882D /* AdSupport.framework */; };
		B2867DE223F9B7DE0034882D /* iAd.framework in Frameworks */ = {isa = PBXBuildFile; fileRef = B2867DE123F9B7DE0034882D /* iAd.framework */; };
		FC68193075147C1A6D819198 /* Pods_AppsFlyerDemoJKTests.framework in Frameworks */ = {isa = PBXBuildFile; fileRef = B195C438E9F1DB7D7045C354 /* Pods_AppsFlyerDemoJKTests.framework */; };
/* End PBXBuildFile section */

/* Begin PBXContainerItemProxy section */
		B25E1EF123F8A53D00B4AE6C /* PBXContainerItemProxy */ = {
			isa = PBXContainerItemProxy;
			containerPortal = B25E1ED423F8A53B00B4AE6C /* Project object */;
			proxyType = 1;
			remoteGlobalIDString = B25E1EDB23F8A53B00B4AE6C;
			remoteInfo = AppsFlyerDemoJK;
		};
		B25E1EFC23F8A53D00B4AE6C /* PBXContainerItemProxy */ = {
			isa = PBXContainerItemProxy;
			containerPortal = B25E1ED423F8A53B00B4AE6C /* Project object */;
			proxyType = 1;
			remoteGlobalIDString = B25E1EDB23F8A53B00B4AE6C;
			remoteInfo = AppsFlyerDemoJK;
		};
/* End PBXContainerItemProxy section */

/* Begin PBXFileReference section */
		0855C121FF82B25BB828C830 /* Pods_AppsFlyerDemoJK.framework */ = {isa = PBXFileReference; explicitFileType = wrapper.framework; includeInIndex = 0; path = Pods_AppsFlyerDemoJK.framework; sourceTree = BUILT_PRODUCTS_DIR; };
		31C4B8F9F7918A7808E52A88 /* Pods-AppsFlyerDemoJK.release.xcconfig */ = {isa = PBXFileReference; includeInIndex = 1; lastKnownFileType = text.xcconfig; name = "Pods-AppsFlyerDemoJK.release.xcconfig"; path = "Target Support Files/Pods-AppsFlyerDemoJK/Pods-AppsFlyerDemoJK.release.xcconfig"; sourceTree = "<group>"; };
		610B497283272A474A9B3241 /* Pods-AppsFlyerDemoJKTests.debug.xcconfig */ = {isa = PBXFileReference; includeInIndex = 1; lastKnownFileType = text.xcconfig; name = "Pods-AppsFlyerDemoJKTests.debug.xcconfig"; path = "Target Support Files/Pods-AppsFlyerDemoJKTests/Pods-AppsFlyerDemoJKTests.debug.xcconfig"; sourceTree = "<group>"; };
		62F66855F361DDEFE5DEC9A3 /* Pods-AppsFlyerDemoJKTests.release.xcconfig */ = {isa = PBXFileReference; includeInIndex = 1; lastKnownFileType = text.xcconfig; name = "Pods-AppsFlyerDemoJKTests.release.xcconfig"; path = "Target Support Files/Pods-AppsFlyerDemoJKTests/Pods-AppsFlyerDemoJKTests.release.xcconfig"; sourceTree = "<group>"; };
		B195C438E9F1DB7D7045C354 /* Pods_AppsFlyerDemoJKTests.framework */ = {isa = PBXFileReference; explicitFileType = wrapper.framework; includeInIndex = 0; path = Pods_AppsFlyerDemoJKTests.framework; sourceTree = BUILT_PRODUCTS_DIR; };
		B25E1EDC23F8A53B00B4AE6C /* AppsFlyerDemoJK.app */ = {isa = PBXFileReference; explicitFileType = wrapper.application; includeInIndex = 0; path = AppsFlyerDemoJK.app; sourceTree = BUILT_PRODUCTS_DIR; };
		B25E1EDF23F8A53B00B4AE6C /* AppDelegate.swift */ = {isa = PBXFileReference; lastKnownFileType = sourcecode.swift; path = AppDelegate.swift; sourceTree = "<group>"; };
		B25E1EE123F8A53B00B4AE6C /* ViewController.swift */ = {isa = PBXFileReference; lastKnownFileType = sourcecode.swift; path = ViewController.swift; sourceTree = "<group>"; };
		B25E1EE423F8A53B00B4AE6C /* Base */ = {isa = PBXFileReference; lastKnownFileType = file.storyboard; name = Base; path = Base.lproj/Main.storyboard; sourceTree = "<group>"; };
		B25E1EE623F8A53D00B4AE6C /* Assets.xcassets */ = {isa = PBXFileReference; lastKnownFileType = folder.assetcatalog; path = Assets.xcassets; sourceTree = "<group>"; };
		B25E1EE923F8A53D00B4AE6C /* Base */ = {isa = PBXFileReference; lastKnownFileType = file.storyboard; name = Base; path = Base.lproj/LaunchScreen.storyboard; sourceTree = "<group>"; };
		B25E1EEB23F8A53D00B4AE6C /* Info.plist */ = {isa = PBXFileReference; lastKnownFileType = text.plist.xml; path = Info.plist; sourceTree = "<group>"; };
		B25E1EF023F8A53D00B4AE6C /* AppsFlyerDemoJKTests.xctest */ = {isa = PBXFileReference; explicitFileType = wrapper.cfbundle; includeInIndex = 0; path = AppsFlyerDemoJKTests.xctest; sourceTree = BUILT_PRODUCTS_DIR; };
		B25E1EF423F8A53D00B4AE6C /* AppsFlyerDemoJKTests.swift */ = {isa = PBXFileReference; lastKnownFileType = sourcecode.swift; path = AppsFlyerDemoJKTests.swift; sourceTree = "<group>"; };
		B25E1EF623F8A53D00B4AE6C /* Info.plist */ = {isa = PBXFileReference; lastKnownFileType = text.plist.xml; path = Info.plist; sourceTree = "<group>"; };
		B25E1EFB23F8A53D00B4AE6C /* AppsFlyerDemoJKUITests.xctest */ = {isa = PBXFileReference; explicitFileType = wrapper.cfbundle; includeInIndex = 0; path = AppsFlyerDemoJKUITests.xctest; sourceTree = BUILT_PRODUCTS_DIR; };
		B25E1EFF23F8A53D00B4AE6C /* AppsFlyerDemoJKUITests.swift */ = {isa = PBXFileReference; lastKnownFileType = sourcecode.swift; path = AppsFlyerDemoJKUITests.swift; sourceTree = "<group>"; };
		B25E1F0123F8A53D00B4AE6C /* Info.plist */ = {isa = PBXFileReference; lastKnownFileType = text.plist.xml; path = Info.plist; sourceTree = "<group>"; };
		B25E1F0E23F8A8D400B4AE6C /* skyline.jpg */ = {isa = PBXFileReference; lastKnownFileType = image.jpeg; name = skyline.jpg; path = ../../../../../temp/skyline.jpg; sourceTree = "<group>"; };
		B2867DDD23F9A2B20034882D /* DashboardHomeViewController.swift */ = {isa = PBXFileReference; lastKnownFileType = sourcecode.swift; path = DashboardHomeViewController.swift; sourceTree = "<group>"; };
		B2867DDF23F9B7D20034882D /* AdSupport.framework */ = {isa = PBXFileReference; lastKnownFileType = wrapper.framework; name = AdSupport.framework; path = System/Library/Frameworks/AdSupport.framework; sourceTree = SDKROOT; };
		B2867DE123F9B7DE0034882D /* iAd.framework */ = {isa = PBXFileReference; lastKnownFileType = wrapper.framework; name = iAd.framework; path = System/Library/Frameworks/iAd.framework; sourceTree = SDKROOT; };
		B2867DE323F9CB040034882D /* AppsFlyerDemoJK.entitlements */ = {isa = PBXFileReference; lastKnownFileType = text.plist.entitlements; path = AppsFlyerDemoJK.entitlements; sourceTree = "<group>"; };
		BAC36B3603C7EA26E821723F /* Pods-AppsFlyerDemoJKUITests.release.xcconfig */ = {isa = PBXFileReference; includeInIndex = 1; lastKnownFileType = text.xcconfig; name = "Pods-AppsFlyerDemoJKUITests.release.xcconfig"; path = "Target Support Files/Pods-AppsFlyerDemoJKUITests/Pods-AppsFlyerDemoJKUITests.release.xcconfig"; sourceTree = "<group>"; };
		C227C2D8EAE951F9A411DC64 /* Pods-AppsFlyerDemoJKUITests.debug.xcconfig */ = {isa = PBXFileReference; includeInIndex = 1; lastKnownFileType = text.xcconfig; name = "Pods-AppsFlyerDemoJKUITests.debug.xcconfig"; path = "Target Support Files/Pods-AppsFlyerDemoJKUITests/Pods-AppsFlyerDemoJKUITests.debug.xcconfig"; sourceTree = "<group>"; };
		DFA4B581BCE7E6CC13E418DF /* Pods_AppsFlyerDemoJKUITests.framework */ = {isa = PBXFileReference; explicitFileType = wrapper.framework; includeInIndex = 0; path = Pods_AppsFlyerDemoJKUITests.framework; sourceTree = BUILT_PRODUCTS_DIR; };
		FCACEB2D0213DF44604ED917 /* Pods-AppsFlyerDemoJK.debug.xcconfig */ = {isa = PBXFileReference; includeInIndex = 1; lastKnownFileType = text.xcconfig; name = "Pods-AppsFlyerDemoJK.debug.xcconfig"; path = "Target Support Files/Pods-AppsFlyerDemoJK/Pods-AppsFlyerDemoJK.debug.xcconfig"; sourceTree = "<group>"; };
/* End PBXFileReference section */

/* Begin PBXFrameworksBuildPhase section */
		B25E1ED923F8A53B00B4AE6C /* Frameworks */ = {
			isa = PBXFrameworksBuildPhase;
			buildActionMask = 2147483647;
			files = (
				B2867DE223F9B7DE0034882D /* iAd.framework in Frameworks */,
				B2867DE023F9B7D20034882D /* AdSupport.framework in Frameworks */,
				5BE8702DF9AFB439AA4B485F /* Pods_AppsFlyerDemoJK.framework in Frameworks */,
			);
			runOnlyForDeploymentPostprocessing = 0;
		};
		B25E1EED23F8A53D00B4AE6C /* Frameworks */ = {
			isa = PBXFrameworksBuildPhase;
			buildActionMask = 2147483647;
			files = (
				FC68193075147C1A6D819198 /* Pods_AppsFlyerDemoJKTests.framework in Frameworks */,
			);
			runOnlyForDeploymentPostprocessing = 0;
		};
		B25E1EF823F8A53D00B4AE6C /* Frameworks */ = {
			isa = PBXFrameworksBuildPhase;
			buildActionMask = 2147483647;
			files = (
				2A2E530D9772CD0EABE0449E /* Pods_AppsFlyerDemoJKUITests.framework in Frameworks */,
			);
			runOnlyForDeploymentPostprocessing = 0;
		};
/* End PBXFrameworksBuildPhase section */

/* Begin PBXGroup section */
		393037AF922D2E7893C0EE02 /* Frameworks */ = {
			isa = PBXGroup;
			children = (
				B2867DE123F9B7DE0034882D /* iAd.framework */,
				B2867DDF23F9B7D20034882D /* AdSupport.framework */,
				0855C121FF82B25BB828C830 /* Pods_AppsFlyerDemoJK.framework */,
				B195C438E9F1DB7D7045C354 /* Pods_AppsFlyerDemoJKTests.framework */,
				DFA4B581BCE7E6CC13E418DF /* Pods_AppsFlyerDemoJKUITests.framework */,
			);
			name = Frameworks;
			sourceTree = "<group>";
		};
		B25E1ED323F8A53B00B4AE6C = {
			isa = PBXGroup;
			children = (
				B25E1EDE23F8A53B00B4AE6C /* AppsFlyerDemoJK */,
				B25E1EF323F8A53D00B4AE6C /* AppsFlyerDemoJKTests */,
				B25E1EFE23F8A53D00B4AE6C /* AppsFlyerDemoJKUITests */,
				B25E1EDD23F8A53B00B4AE6C /* Products */,
				E7D30635CA2766E917A7E0F3 /* Pods */,
				393037AF922D2E7893C0EE02 /* Frameworks */,
			);
			sourceTree = "<group>";
		};
		B25E1EDD23F8A53B00B4AE6C /* Products */ = {
			isa = PBXGroup;
			children = (
				B25E1EDC23F8A53B00B4AE6C /* AppsFlyerDemoJK.app */,
				B25E1EF023F8A53D00B4AE6C /* AppsFlyerDemoJKTests.xctest */,
				B25E1EFB23F8A53D00B4AE6C /* AppsFlyerDemoJKUITests.xctest */,
			);
			name = Products;
			sourceTree = "<group>";
		};
		B25E1EDE23F8A53B00B4AE6C /* AppsFlyerDemoJK */ = {
			isa = PBXGroup;
			children = (
				B2867DE323F9CB040034882D /* AppsFlyerDemoJK.entitlements */,
				B25E1F0D23F8A8AF00B4AE6C /* images */,
				B25E1EDF23F8A53B00B4AE6C /* AppDelegate.swift */,
				B2867DDD23F9A2B20034882D /* DashboardHomeViewController.swift */,
				B25E1EE123F8A53B00B4AE6C /* ViewController.swift */,
				B25E1EE323F8A53B00B4AE6C /* Main.storyboard */,
				B25E1EE623F8A53D00B4AE6C /* Assets.xcassets */,
				B25E1EE823F8A53D00B4AE6C /* LaunchScreen.storyboard */,
				B25E1EEB23F8A53D00B4AE6C /* Info.plist */,
			);
			path = AppsFlyerDemoJK;
			sourceTree = "<group>";
		};
		B25E1EF323F8A53D00B4AE6C /* AppsFlyerDemoJKTests */ = {
			isa = PBXGroup;
			children = (
				B25E1EF423F8A53D00B4AE6C /* AppsFlyerDemoJKTests.swift */,
				B25E1EF623F8A53D00B4AE6C /* Info.plist */,
			);
			path = AppsFlyerDemoJKTests;
			sourceTree = "<group>";
		};
		B25E1EFE23F8A53D00B4AE6C /* AppsFlyerDemoJKUITests */ = {
			isa = PBXGroup;
			children = (
				B25E1EFF23F8A53D00B4AE6C /* AppsFlyerDemoJKUITests.swift */,
				B25E1F0123F8A53D00B4AE6C /* Info.plist */,
			);
			path = AppsFlyerDemoJKUITests;
			sourceTree = "<group>";
		};
		B25E1F0D23F8A8AF00B4AE6C /* images */ = {
			isa = PBXGroup;
			children = (
				B25E1F0E23F8A8D400B4AE6C /* skyline.jpg */,
			);
			path = images;
			sourceTree = "<group>";
		};
		E7D30635CA2766E917A7E0F3 /* Pods */ = {
			isa = PBXGroup;
			children = (
				FCACEB2D0213DF44604ED917 /* Pods-AppsFlyerDemoJK.debug.xcconfig */,
				31C4B8F9F7918A7808E52A88 /* Pods-AppsFlyerDemoJK.release.xcconfig */,
				610B497283272A474A9B3241 /* Pods-AppsFlyerDemoJKTests.debug.xcconfig */,
				62F66855F361DDEFE5DEC9A3 /* Pods-AppsFlyerDemoJKTests.release.xcconfig */,
				C227C2D8EAE951F9A411DC64 /* Pods-AppsFlyerDemoJKUITests.debug.xcconfig */,
				BAC36B3603C7EA26E821723F /* Pods-AppsFlyerDemoJKUITests.release.xcconfig */,
			);
			path = Pods;
			sourceTree = "<group>";
		};
/* End PBXGroup section */

/* Begin PBXNativeTarget section */
		B25E1EDB23F8A53B00B4AE6C /* AppsFlyerDemoJK */ = {
			isa = PBXNativeTarget;
			buildConfigurationList = B25E1F0423F8A53D00B4AE6C /* Build configuration list for PBXNativeTarget "AppsFlyerDemoJK" */;
			buildPhases = (
				E93041541DD0652F1840ED45 /* [CP] Check Pods Manifest.lock */,
				B25E1ED823F8A53B00B4AE6C /* Sources */,
				B25E1ED923F8A53B00B4AE6C /* Frameworks */,
				B25E1EDA23F8A53B00B4AE6C /* Resources */,
			);
			buildRules = (
			);
			dependencies = (
			);
			name = AppsFlyerDemoJK;
			productName = AppsFlyerDemoJK;
			productReference = B25E1EDC23F8A53B00B4AE6C /* AppsFlyerDemoJK.app */;
			productType = "com.apple.product-type.application";
		};
		B25E1EEF23F8A53D00B4AE6C /* AppsFlyerDemoJKTests */ = {
			isa = PBXNativeTarget;
			buildConfigurationList = B25E1F0723F8A53D00B4AE6C /* Build configuration list for PBXNativeTarget "AppsFlyerDemoJKTests" */;
			buildPhases = (
				36D2F9DCE4381DBDDD9499BC /* [CP] Check Pods Manifest.lock */,
				B25E1EEC23F8A53D00B4AE6C /* Sources */,
				B25E1EED23F8A53D00B4AE6C /* Frameworks */,
				B25E1EEE23F8A53D00B4AE6C /* Resources */,
			);
			buildRules = (
			);
			dependencies = (
				B25E1EF223F8A53D00B4AE6C /* PBXTargetDependency */,
			);
			name = AppsFlyerDemoJKTests;
			productName = AppsFlyerDemoJKTests;
			productReference = B25E1EF023F8A53D00B4AE6C /* AppsFlyerDemoJKTests.xctest */;
			productType = "com.apple.product-type.bundle.unit-test";
		};
		B25E1EFA23F8A53D00B4AE6C /* AppsFlyerDemoJKUITests */ = {
			isa = PBXNativeTarget;
			buildConfigurationList = B25E1F0A23F8A53D00B4AE6C /* Build configuration list for PBXNativeTarget "AppsFlyerDemoJKUITests" */;
			buildPhases = (
				73B257727E1BB5FC0728B07D /* [CP] Check Pods Manifest.lock */,
				B25E1EF723F8A53D00B4AE6C /* Sources */,
				B25E1EF823F8A53D00B4AE6C /* Frameworks */,
				B25E1EF923F8A53D00B4AE6C /* Resources */,
			);
			buildRules = (
			);
			dependencies = (
				B25E1EFD23F8A53D00B4AE6C /* PBXTargetDependency */,
			);
			name = AppsFlyerDemoJKUITests;
			productName = AppsFlyerDemoJKUITests;
			productReference = B25E1EFB23F8A53D00B4AE6C /* AppsFlyerDemoJKUITests.xctest */;
			productType = "com.apple.product-type.bundle.ui-testing";
		};
/* End PBXNativeTarget section */

/* Begin PBXProject section */
		B25E1ED423F8A53B00B4AE6C /* Project object */ = {
			isa = PBXProject;
			attributes = {
				LastSwiftUpdateCheck = 1020;
				LastUpgradeCheck = 1020;
				ORGANIZATIONNAME = AppsFlyer;
				TargetAttributes = {
					B25E1EDB23F8A53B00B4AE6C = {
						CreatedOnToolsVersion = 10.2;
						SystemCapabilities = {
							com.apple.SafariKeychain = {
								enabled = 1;
							};
						};
					};
					B25E1EEF23F8A53D00B4AE6C = {
						CreatedOnToolsVersion = 10.2;
						TestTargetID = B25E1EDB23F8A53B00B4AE6C;
					};
					B25E1EFA23F8A53D00B4AE6C = {
						CreatedOnToolsVersion = 10.2;
						TestTargetID = B25E1EDB23F8A53B00B4AE6C;
					};
				};
			};
			buildConfigurationList = B25E1ED723F8A53B00B4AE6C /* Build configuration list for PBXProject "AppsFlyerDemoJK" */;
			compatibilityVersion = "Xcode 9.3";
			developmentRegion = en;
			hasScannedForEncodings = 0;
			knownRegions = (
				en,
				Base,
			);
			mainGroup = B25E1ED323F8A53B00B4AE6C;
			productRefGroup = B25E1EDD23F8A53B00B4AE6C /* Products */;
			projectDirPath = "";
			projectRoot = "";
			targets = (
				B25E1EDB23F8A53B00B4AE6C /* AppsFlyerDemoJK */,
				B25E1EEF23F8A53D00B4AE6C /* AppsFlyerDemoJKTests */,
				B25E1EFA23F8A53D00B4AE6C /* AppsFlyerDemoJKUITests */,
			);
		};
/* End PBXProject section */

/* Begin PBXResourcesBuildPhase section */
		B25E1EDA23F8A53B00B4AE6C /* Resources */ = {
			isa = PBXResourcesBuildPhase;
			buildActionMask = 2147483647;
			files = (
				B25E1EEA23F8A53D00B4AE6C /* LaunchScreen.storyboard in Resources */,
				B25E1F0F23F8A8D400B4AE6C /* skyline.jpg in Resources */,
				B25E1EE723F8A53D00B4AE6C /* Assets.xcassets in Resources */,
				B25E1EE523F8A53B00B4AE6C /* Main.storyboard in Resources */,
			);
			runOnlyForDeploymentPostprocessing = 0;
		};
		B25E1EEE23F8A53D00B4AE6C /* Resources */ = {
			isa = PBXResourcesBuildPhase;
			buildActionMask = 2147483647;
			files = (
			);
			runOnlyForDeploymentPostprocessing = 0;
		};
		B25E1EF923F8A53D00B4AE6C /* Resources */ = {
			isa = PBXResourcesBuildPhase;
			buildActionMask = 2147483647;
			files = (
			);
			runOnlyForDeploymentPostprocessing = 0;
		};
/* End PBXResourcesBuildPhase section */

/* Begin PBXShellScriptBuildPhase section */
		36D2F9DCE4381DBDDD9499BC /* [CP] Check Pods Manifest.lock */ = {
			isa = PBXShellScriptBuildPhase;
			buildActionMask = 2147483647;
			files = (
			);
			inputFileListPaths = (
			);
			inputPaths = (
				"${PODS_PODFILE_DIR_PATH}/Podfile.lock",
				"${PODS_ROOT}/Manifest.lock",
			);
			name = "[CP] Check Pods Manifest.lock";
			outputFileListPaths = (
			);
			outputPaths = (
				"$(DERIVED_FILE_DIR)/Pods-AppsFlyerDemoJKTests-checkManifestLockResult.txt",
			);
			runOnlyForDeploymentPostprocessing = 0;
			shellPath = /bin/sh;
			shellScript = "diff \"${PODS_PODFILE_DIR_PATH}/Podfile.lock\" \"${PODS_ROOT}/Manifest.lock\" > /dev/null\nif [ $? != 0 ] ; then\n    # print error to STDERR\n    echo \"error: The sandbox is not in sync with the Podfile.lock. Run 'pod install' or update your CocoaPods installation.\" >&2\n    exit 1\nfi\n# This output is used by Xcode 'outputs' to avoid re-running this script phase.\necho \"SUCCESS\" > \"${SCRIPT_OUTPUT_FILE_0}\"\n";
			showEnvVarsInLog = 0;
		};
		73B257727E1BB5FC0728B07D /* [CP] Check Pods Manifest.lock */ = {
			isa = PBXShellScriptBuildPhase;
			buildActionMask = 2147483647;
			files = (
			);
			inputFileListPaths = (
			);
			inputPaths = (
				"${PODS_PODFILE_DIR_PATH}/Podfile.lock",
				"${PODS_ROOT}/Manifest.lock",
			);
			name = "[CP] Check Pods Manifest.lock";
			outputFileListPaths = (
			);
			outputPaths = (
				"$(DERIVED_FILE_DIR)/Pods-AppsFlyerDemoJKUITests-checkManifestLockResult.txt",
			);
			runOnlyForDeploymentPostprocessing = 0;
			shellPath = /bin/sh;
			shellScript = "diff \"${PODS_PODFILE_DIR_PATH}/Podfile.lock\" \"${PODS_ROOT}/Manifest.lock\" > /dev/null\nif [ $? != 0 ] ; then\n    # print error to STDERR\n    echo \"error: The sandbox is not in sync with the Podfile.lock. Run 'pod install' or update your CocoaPods installation.\" >&2\n    exit 1\nfi\n# This output is used by Xcode 'outputs' to avoid re-running this script phase.\necho \"SUCCESS\" > \"${SCRIPT_OUTPUT_FILE_0}\"\n";
			showEnvVarsInLog = 0;
		};
		E93041541DD0652F1840ED45 /* [CP] Check Pods Manifest.lock */ = {
			isa = PBXShellScriptBuildPhase;
			buildActionMask = 2147483647;
			files = (
			);
			inputFileListPaths = (
			);
			inputPaths = (
				"${PODS_PODFILE_DIR_PATH}/Podfile.lock",
				"${PODS_ROOT}/Manifest.lock",
			);
			name = "[CP] Check Pods Manifest.lock";
			outputFileListPaths = (
			);
			outputPaths = (
				"$(DERIVED_FILE_DIR)/Pods-AppsFlyerDemoJK-checkManifestLockResult.txt",
			);
			runOnlyForDeploymentPostprocessing = 0;
			shellPath = /bin/sh;
			shellScript = "diff \"${PODS_PODFILE_DIR_PATH}/Podfile.lock\" \"${PODS_ROOT}/Manifest.lock\" > /dev/null\nif [ $? != 0 ] ; then\n    # print error to STDERR\n    echo \"error: The sandbox is not in sync with the Podfile.lock. Run 'pod install' or update your CocoaPods installation.\" >&2\n    exit 1\nfi\n# This output is used by Xcode 'outputs' to avoid re-running this script phase.\necho \"SUCCESS\" > \"${SCRIPT_OUTPUT_FILE_0}\"\n";
			showEnvVarsInLog = 0;
		};
/* End PBXShellScriptBuildPhase section */

/* Begin PBXSourcesBuildPhase section */
		B25E1ED823F8A53B00B4AE6C /* Sources */ = {
			isa = PBXSourcesBuildPhase;
			buildActionMask = 2147483647;
			files = (
				B25E1EE223F8A53B00B4AE6C /* ViewController.swift in Sources */,
				B25E1EE023F8A53B00B4AE6C /* AppDelegate.swift in Sources */,
				B2867DDE23F9A2B20034882D /* DashboardHomeViewController.swift in Sources */,
			);
			runOnlyForDeploymentPostprocessing = 0;
		};
		B25E1EEC23F8A53D00B4AE6C /* Sources */ = {
			isa = PBXSourcesBuildPhase;
			buildActionMask = 2147483647;
			files = (
				B25E1EF523F8A53D00B4AE6C /* AppsFlyerDemoJKTests.swift in Sources */,
			);
			runOnlyForDeploymentPostprocessing = 0;
		};
		B25E1EF723F8A53D00B4AE6C /* Sources */ = {
			isa = PBXSourcesBuildPhase;
			buildActionMask = 2147483647;
			files = (
				B25E1F0023F8A53D00B4AE6C /* AppsFlyerDemoJKUITests.swift in Sources */,
			);
			runOnlyForDeploymentPostprocessing = 0;
		};
/* End PBXSourcesBuildPhase section */

/* Begin PBXTargetDependency section */
		B25E1EF223F8A53D00B4AE6C /* PBXTargetDependency */ = {
			isa = PBXTargetDependency;
			target = B25E1EDB23F8A53B00B4AE6C /* AppsFlyerDemoJK */;
			targetProxy = B25E1EF123F8A53D00B4AE6C /* PBXContainerItemProxy */;
		};
		B25E1EFD23F8A53D00B4AE6C /* PBXTargetDependency */ = {
			isa = PBXTargetDependency;
			target = B25E1EDB23F8A53B00B4AE6C /* AppsFlyerDemoJK */;
			targetProxy = B25E1EFC23F8A53D00B4AE6C /* PBXContainerItemProxy */;
		};
/* End PBXTargetDependency section */

/* Begin PBXVariantGroup section */
		B25E1EE323F8A53B00B4AE6C /* Main.storyboard */ = {
			isa = PBXVariantGroup;
			children = (
				B25E1EE423F8A53B00B4AE6C /* Base */,
			);
			name = Main.storyboard;
			sourceTree = "<group>";
		};
		B25E1EE823F8A53D00B4AE6C /* LaunchScreen.storyboard */ = {
			isa = PBXVariantGroup;
			children = (
				B25E1EE923F8A53D00B4AE6C /* Base */,
			);
			name = LaunchScreen.storyboard;
			sourceTree = "<group>";
		};
/* End PBXVariantGroup section */

/* Begin XCBuildConfiguration section */
		B25E1F0223F8A53D00B4AE6C /* Debug */ = {
			isa = XCBuildConfiguration;
			buildSettings = {
				ALWAYS_SEARCH_USER_PATHS = NO;
				CLANG_ANALYZER_NONNULL = YES;
				CLANG_ANALYZER_NUMBER_OBJECT_CONVERSION = YES_AGGRESSIVE;
				CLANG_CXX_LANGUAGE_STANDARD = "gnu++14";
				CLANG_CXX_LIBRARY = "libc++";
				CLANG_ENABLE_MODULES = YES;
				CLANG_ENABLE_OBJC_ARC = YES;
				CLANG_ENABLE_OBJC_WEAK = YES;
				CLANG_WARN_BLOCK_CAPTURE_AUTORELEASING = YES;
				CLANG_WARN_BOOL_CONVERSION = YES;
				CLANG_WARN_COMMA = YES;
				CLANG_WARN_CONSTANT_CONVERSION = YES;
				CLANG_WARN_DEPRECATED_OBJC_IMPLEMENTATIONS = YES;
				CLANG_WARN_DIRECT_OBJC_ISA_USAGE = YES_ERROR;
				CLANG_WARN_DOCUMENTATION_COMMENTS = YES;
				CLANG_WARN_EMPTY_BODY = YES;
				CLANG_WARN_ENUM_CONVERSION = YES;
				CLANG_WARN_INFINITE_RECURSION = YES;
				CLANG_WARN_INT_CONVERSION = YES;
				CLANG_WARN_NON_LITERAL_NULL_CONVERSION = YES;
				CLANG_WARN_OBJC_IMPLICIT_RETAIN_SELF = YES;
				CLANG_WARN_OBJC_LITERAL_CONVERSION = YES;
				CLANG_WARN_OBJC_ROOT_CLASS = YES_ERROR;
				CLANG_WARN_RANGE_LOOP_ANALYSIS = YES;
				CLANG_WARN_STRICT_PROTOTYPES = YES;
				CLANG_WARN_SUSPICIOUS_MOVE = YES;
				CLANG_WARN_UNGUARDED_AVAILABILITY = YES_AGGRESSIVE;
				CLANG_WARN_UNREACHABLE_CODE = YES;
				CLANG_WARN__DUPLICATE_METHOD_MATCH = YES;
				CODE_SIGN_IDENTITY = "iPhone Developer";
				COPY_PHASE_STRIP = NO;
				DEBUG_INFORMATION_FORMAT = dwarf;
				ENABLE_STRICT_OBJC_MSGSEND = YES;
				ENABLE_TESTABILITY = YES;
				GCC_C_LANGUAGE_STANDARD = gnu11;
				GCC_DYNAMIC_NO_PIC = NO;
				GCC_NO_COMMON_BLOCKS = YES;
				GCC_OPTIMIZATION_LEVEL = 0;
				GCC_PREPROCESSOR_DEFINITIONS = (
					"DEBUG=1",
					"$(inherited)",
				);
				GCC_WARN_64_TO_32_BIT_CONVERSION = YES;
				GCC_WARN_ABOUT_RETURN_TYPE = YES_ERROR;
				GCC_WARN_UNDECLARED_SELECTOR = YES;
				GCC_WARN_UNINITIALIZED_AUTOS = YES_AGGRESSIVE;
				GCC_WARN_UNUSED_FUNCTION = YES;
				GCC_WARN_UNUSED_VARIABLE = YES;
				IPHONEOS_DEPLOYMENT_TARGET = 12.2;
				MTL_ENABLE_DEBUG_INFO = INCLUDE_SOURCE;
				MTL_FAST_MATH = YES;
				ONLY_ACTIVE_ARCH = YES;
				SDKROOT = iphoneos;
				SWIFT_ACTIVE_COMPILATION_CONDITIONS = DEBUG;
				SWIFT_OPTIMIZATION_LEVEL = "-Onone";
			};
			name = Debug;
		};
		B25E1F0323F8A53D00B4AE6C /* Release */ = {
			isa = XCBuildConfiguration;
			buildSettings = {
				ALWAYS_SEARCH_USER_PATHS = NO;
				CLANG_ANALYZER_NONNULL = YES;
				CLANG_ANALYZER_NUMBER_OBJECT_CONVERSION = YES_AGGRESSIVE;
				CLANG_CXX_LANGUAGE_STANDARD = "gnu++14";
				CLANG_CXX_LIBRARY = "libc++";
				CLANG_ENABLE_MODULES = YES;
				CLANG_ENABLE_OBJC_ARC = YES;
				CLANG_ENABLE_OBJC_WEAK = YES;
				CLANG_WARN_BLOCK_CAPTURE_AUTORELEASING = YES;
				CLANG_WARN_BOOL_CONVERSION = YES;
				CLANG_WARN_COMMA = YES;
				CLANG_WARN_CONSTANT_CONVERSION = YES;
				CLANG_WARN_DEPRECATED_OBJC_IMPLEMENTATIONS = YES;
				CLANG_WARN_DIRECT_OBJC_ISA_USAGE = YES_ERROR;
				CLANG_WARN_DOCUMENTATION_COMMENTS = YES;
				CLANG_WARN_EMPTY_BODY = YES;
				CLANG_WARN_ENUM_CONVERSION = YES;
				CLANG_WARN_INFINITE_RECURSION = YES;
				CLANG_WARN_INT_CONVERSION = YES;
				CLANG_WARN_NON_LITERAL_NULL_CONVERSION = YES;
				CLANG_WARN_OBJC_IMPLICIT_RETAIN_SELF = YES;
				CLANG_WARN_OBJC_LITERAL_CONVERSION = YES;
				CLANG_WARN_OBJC_ROOT_CLASS = YES_ERROR;
				CLANG_WARN_RANGE_LOOP_ANALYSIS = YES;
				CLANG_WARN_STRICT_PROTOTYPES = YES;
				CLANG_WARN_SUSPICIOUS_MOVE = YES;
				CLANG_WARN_UNGUARDED_AVAILABILITY = YES_AGGRESSIVE;
				CLANG_WARN_UNREACHABLE_CODE = YES;
				CLANG_WARN__DUPLICATE_METHOD_MATCH = YES;
				CODE_SIGN_IDENTITY = "iPhone Developer";
				COPY_PHASE_STRIP = NO;
				DEBUG_INFORMATION_FORMAT = "dwarf-with-dsym";
				ENABLE_NS_ASSERTIONS = NO;
				ENABLE_STRICT_OBJC_MSGSEND = YES;
				GCC_C_LANGUAGE_STANDARD = gnu11;
				GCC_NO_COMMON_BLOCKS = YES;
				GCC_WARN_64_TO_32_BIT_CONVERSION = YES;
				GCC_WARN_ABOUT_RETURN_TYPE = YES_ERROR;
				GCC_WARN_UNDECLARED_SELECTOR = YES;
				GCC_WARN_UNINITIALIZED_AUTOS = YES_AGGRESSIVE;
				GCC_WARN_UNUSED_FUNCTION = YES;
				GCC_WARN_UNUSED_VARIABLE = YES;
				IPHONEOS_DEPLOYMENT_TARGET = 12.2;
				MTL_ENABLE_DEBUG_INFO = NO;
				MTL_FAST_MATH = YES;
				SDKROOT = iphoneos;
				SWIFT_COMPILATION_MODE = wholemodule;
				SWIFT_OPTIMIZATION_LEVEL = "-O";
				VALIDATE_PRODUCT = YES;
			};
			name = Release;
		};
		B25E1F0523F8A53D00B4AE6C /* Debug */ = {
			isa = XCBuildConfiguration;
			baseConfigurationReference = FCACEB2D0213DF44604ED917 /* Pods-AppsFlyerDemoJK.debug.xcconfig */;
			buildSettings = {
				ASSETCATALOG_COMPILER_APPICON_NAME = AppIcon;
				CODE_SIGN_ENTITLEMENTS = AppsFlyerDemoJK/AppsFlyerDemoJK.entitlements;
				CODE_SIGN_STYLE = Automatic;
				DEVELOPMENT_TEAM = CB6HM2U623;
				INFOPLIST_FILE = AppsFlyerDemoJK/Info.plist;
				LD_RUNPATH_SEARCH_PATHS = (
					"$(inherited)",
					"@executable_path/Frameworks",
				);
				PRODUCT_BUNDLE_IDENTIFIER = com.example.AppsFlyerDemoJKAdobe;
				PRODUCT_NAME = "$(TARGET_NAME)";
				SWIFT_VERSION = 5.0;
				TARGETED_DEVICE_FAMILY = "1,2";
			};
			name = Debug;
		};
		B25E1F0623F8A53D00B4AE6C /* Release */ = {
			isa = XCBuildConfiguration;
			baseConfigurationReference = 31C4B8F9F7918A7808E52A88 /* Pods-AppsFlyerDemoJK.release.xcconfig */;
			buildSettings = {
				ASSETCATALOG_COMPILER_APPICON_NAME = AppIcon;
				CODE_SIGN_ENTITLEMENTS = AppsFlyerDemoJK/AppsFlyerDemoJK.entitlements;
				CODE_SIGN_STYLE = Automatic;
				DEVELOPMENT_TEAM = CB6HM2U623;
				INFOPLIST_FILE = AppsFlyerDemoJK/Info.plist;
				LD_RUNPATH_SEARCH_PATHS = (
					"$(inherited)",
					"@executable_path/Frameworks",
				);
				PRODUCT_BUNDLE_IDENTIFIER = com.example.AppsFlyerDemoJKAdobe;
				PRODUCT_NAME = "$(TARGET_NAME)";
				SWIFT_VERSION = 5.0;
				TARGETED_DEVICE_FAMILY = "1,2";
			};
			name = Release;
		};
		B25E1F0823F8A53D00B4AE6C /* Debug */ = {
			isa = XCBuildConfiguration;
			baseConfigurationReference = 610B497283272A474A9B3241 /* Pods-AppsFlyerDemoJKTests.debug.xcconfig */;
			buildSettings = {
				ALWAYS_EMBED_SWIFT_STANDARD_LIBRARIES = YES;
				BUNDLE_LOADER = "$(TEST_HOST)";
				CODE_SIGN_STYLE = Automatic;
				DEVELOPMENT_TEAM = CB6HM2U623;
				INFOPLIST_FILE = AppsFlyerDemoJKTests/Info.plist;
				LD_RUNPATH_SEARCH_PATHS = (
					"$(inherited)",
					"@executable_path/Frameworks",
					"@loader_path/Frameworks",
				);
				PRODUCT_BUNDLE_IDENTIFIER = com.example.AppsFlyerDemoJK.AppsFlyerDemoJKTests;
				PRODUCT_NAME = "$(TARGET_NAME)";
				SWIFT_VERSION = 5.0;
				TARGETED_DEVICE_FAMILY = "1,2";
				TEST_HOST = "$(BUILT_PRODUCTS_DIR)/AppsFlyerDemoJK.app/AppsFlyerDemoJK";
			};
			name = Debug;
		};
		B25E1F0923F8A53D00B4AE6C /* Release */ = {
			isa = XCBuildConfiguration;
			baseConfigurationReference = 62F66855F361DDEFE5DEC9A3 /* Pods-AppsFlyerDemoJKTests.release.xcconfig */;
			buildSettings = {
				ALWAYS_EMBED_SWIFT_STANDARD_LIBRARIES = YES;
				BUNDLE_LOADER = "$(TEST_HOST)";
				CODE_SIGN_STYLE = Automatic;
				DEVELOPMENT_TEAM = CB6HM2U623;
				INFOPLIST_FILE = AppsFlyerDemoJKTests/Info.plist;
				LD_RUNPATH_SEARCH_PATHS = (
					"$(inherited)",
					"@executable_path/Frameworks",
					"@loader_path/Frameworks",
				);
				PRODUCT_BUNDLE_IDENTIFIER = com.example.AppsFlyerDemoJK.AppsFlyerDemoJKTests;
				PRODUCT_NAME = "$(TARGET_NAME)";
				SWIFT_VERSION = 5.0;
				TARGETED_DEVICE_FAMILY = "1,2";
				TEST_HOST = "$(BUILT_PRODUCTS_DIR)/AppsFlyerDemoJK.app/AppsFlyerDemoJK";
			};
			name = Release;
		};
		B25E1F0B23F8A53D00B4AE6C /* Debug */ = {
			isa = XCBuildConfiguration;
			baseConfigurationReference = C227C2D8EAE951F9A411DC64 /* Pods-AppsFlyerDemoJKUITests.debug.xcconfig */;
			buildSettings = {
				ALWAYS_EMBED_SWIFT_STANDARD_LIBRARIES = YES;
				CODE_SIGN_STYLE = Automatic;
				DEVELOPMENT_TEAM = CB6HM2U623;
				INFOPLIST_FILE = AppsFlyerDemoJKUITests/Info.plist;
				LD_RUNPATH_SEARCH_PATHS = (
					"$(inherited)",
					"@executable_path/Frameworks",
					"@loader_path/Frameworks",
				);
				PRODUCT_BUNDLE_IDENTIFIER = com.example.AppsFlyerDemoJK.AppsFlyerDemoJKUITests;
				PRODUCT_NAME = "$(TARGET_NAME)";
				SWIFT_VERSION = 5.0;
				TARGETED_DEVICE_FAMILY = "1,2";
				TEST_TARGET_NAME = AppsFlyerDemoJK;
			};
			name = Debug;
		};
		B25E1F0C23F8A53D00B4AE6C /* Release */ = {
			isa = XCBuildConfiguration;
			baseConfigurationReference = BAC36B3603C7EA26E821723F /* Pods-AppsFlyerDemoJKUITests.release.xcconfig */;
			buildSettings = {
				ALWAYS_EMBED_SWIFT_STANDARD_LIBRARIES = YES;
				CODE_SIGN_STYLE = Automatic;
				DEVELOPMENT_TEAM = CB6HM2U623;
				INFOPLIST_FILE = AppsFlyerDemoJKUITests/Info.plist;
				LD_RUNPATH_SEARCH_PATHS = (
					"$(inherited)",
					"@executable_path/Frameworks",
					"@loader_path/Frameworks",
				);
				PRODUCT_BUNDLE_IDENTIFIER = com.example.AppsFlyerDemoJK.AppsFlyerDemoJKUITests;
				PRODUCT_NAME = "$(TARGET_NAME)";
				SWIFT_VERSION = 5.0;
				TARGETED_DEVICE_FAMILY = "1,2";
				TEST_TARGET_NAME = AppsFlyerDemoJK;
			};
			name = Release;
		};
/* End XCBuildConfiguration section */

/* Begin XCConfigurationList section */
		B25E1ED723F8A53B00B4AE6C /* Build configuration list for PBXProject "AppsFlyerDemoJK" */ = {
			isa = XCConfigurationList;
			buildConfigurations = (
				B25E1F0223F8A53D00B4AE6C /* Debug */,
				B25E1F0323F8A53D00B4AE6C /* Release */,
			);
			defaultConfigurationIsVisible = 0;
			defaultConfigurationName = Release;
		};
		B25E1F0423F8A53D00B4AE6C /* Build configuration list for PBXNativeTarget "AppsFlyerDemoJK" */ = {
			isa = XCConfigurationList;
			buildConfigurations = (
				B25E1F0523F8A53D00B4AE6C /* Debug */,
				B25E1F0623F8A53D00B4AE6C /* Release */,
			);
			defaultConfigurationIsVisible = 0;
			defaultConfigurationName = Release;
		};
		B25E1F0723F8A53D00B4AE6C /* Build configuration list for PBXNativeTarget "AppsFlyerDemoJKTests" */ = {
			isa = XCConfigurationList;
			buildConfigurations = (
				B25E1F0823F8A53D00B4AE6C /* Debug */,
				B25E1F0923F8A53D00B4AE6C /* Release */,
			);
			defaultConfigurationIsVisible = 0;
			defaultConfigurationName = Release;
		};
		B25E1F0A23F8A53D00B4AE6C /* Build configuration list for PBXNativeTarget "AppsFlyerDemoJKUITests" */ = {
			isa = XCConfigurationList;
			buildConfigurations = (
				B25E1F0B23F8A53D00B4AE6C /* Debug */,
				B25E1F0C23F8A53D00B4AE6C /* Release */,
			);
			defaultConfigurationIsVisible = 0;
			defaultConfigurationName = Release;
		};
/* End XCConfigurationList section */
	};
	rootObject = B25E1ED423F8A53B00B4AE6C /* Project object */;
}
